
Microsoft Visual Studio Solution File, Format Version 12.00
# Visual Studio Version 17
VisualStudioVersion = 17.9.34607.119
MinimumVisualStudioVersion = 10.0.40219.1
Project("{FAE04EC0-301F-11D3-BF4B-00C04F79EFBC}") = "Aviator_Omega", "Aviator_Omega\Aviator_Omega.csproj", "{F32F07D8-FBDA-4FAF-B4A6-0D8D575A4A95}"
EndProject
Global
	GlobalSection(SolutionConfigurationPlatforms) = preSolution
		Debug|Any CPU = Debug|Any CPU
		Release|Any CPU = Release|Any CPU
	EndGlobalSection
	GlobalSection(ProjectConfigurationPlatforms) = postSolution
		{F32F07D8-FBDA-4FAF-B4A6-0D8D575A4A95}.Debug|Any CPU.ActiveCfg = Debug|Any CPU
		{F32F07D8-FBDA-4FAF-B4A6-0D8D575A4A95}.Debug|Any CPU.Build.0 = Debug|Any CPU
		{F32F07D8-FBDA-4FAF-B4A6-0D8D575A4A95}.Release|Any CPU.ActiveCfg = Release|Any CPU
		{F32F07D8-FBDA-4FAF-B4A6-0D8D575A4A95}.Release|Any CPU.Build.0 = Release|Any CPU
	EndGlobalSection
	GlobalSection(SolutionProperties) = preSolution
		HideSolutionNode = FALSE
	EndGlobalSection
	GlobalSection(ExtensibilityGlobals) = postSolution
		SolutionGuid = {C4D53F01-DDE1-4234-A78D-DF0EE9D5318D}
	EndGlobalSection
EndGlobal
